
Microsoft Visual Studio Solution File, Format Version 12.00
# Visual Studio Version 17
VisualStudioVersion = 17.0.31423.177
MinimumVisualStudioVersion = 10.0.40219.1
Project("{FAE04EC0-301F-11D3-BF4B-00C04F79EFBC}") = "Raymaker.RulesEngine.Console", "src\Raymaker.RulesEngine.Console\Raymaker.RulesEngine.Console.csproj", "{C7CCCAA7-5847-4B6D-8ACC-4846591450E8}"
EndProject
Project("{FAE04EC0-301F-11D3-BF4B-00C04F79EFBC}") = "Raymaker.RulesEngine.Application", "src\Raymaker.RulesEngine.Application\Raymaker.RulesEngine.Application.csproj", "{4044664D-07B2-42F3-AFBE-239AAD6C3B70}"
EndProject
Project("{FAE04EC0-301F-11D3-BF4B-00C04F79EFBC}") = "Raymaker.RulesEngine.UnitTests", "tests\Raymaker.RulesEngine.UnitTests\Raymaker.RulesEngine.UnitTests.csproj", "{7338D2D7-8BB5-4AD8-996A-F38F7DFC58CA}"
EndProject
Project("{2150E333-8FDC-42A3-9474-1A3956D46DE8}") = "Solution Items", "Solution Items", "{4DE6790E-1467-4150-B317-54256A582A92}"
	ProjectSection(SolutionItems) = preProject
		README.md = README.md
	EndProjectSection
EndProject
Global
	GlobalSection(SolutionConfigurationPlatforms) = preSolution
		Debug|Any CPU = Debug|Any CPU
		Release|Any CPU = Release|Any CPU
	EndGlobalSection
	GlobalSection(ProjectConfigurationPlatforms) = postSolution
		{C7CCCAA7-5847-4B6D-8ACC-4846591450E8}.Debug|Any CPU.ActiveCfg = Debug|Any CPU
		{C7CCCAA7-5847-4B6D-8ACC-4846591450E8}.Debug|Any CPU.Build.0 = Debug|Any CPU
		{C7CCCAA7-5847-4B6D-8ACC-4846591450E8}.Release|Any CPU.ActiveCfg = Release|Any CPU
		{C7CCCAA7-5847-4B6D-8ACC-4846591450E8}.Release|Any CPU.Build.0 = Release|Any CPU
		{4044664D-07B2-42F3-AFBE-239AAD6C3B70}.Debug|Any CPU.ActiveCfg = Debug|Any CPU
		{4044664D-07B2-42F3-AFBE-239AAD6C3B70}.Debug|Any CPU.Build.0 = Debug|Any CPU
		{4044664D-07B2-42F3-AFBE-239AAD6C3B70}.Release|Any CPU.ActiveCfg = Release|Any CPU
		{4044664D-07B2-42F3-AFBE-239AAD6C3B70}.Release|Any CPU.Build.0 = Release|Any CPU
		{7338D2D7-8BB5-4AD8-996A-F38F7DFC58CA}.Debug|Any CPU.ActiveCfg = Debug|Any CPU
		{7338D2D7-8BB5-4AD8-996A-F38F7DFC58CA}.Debug|Any CPU.Build.0 = Debug|Any CPU
		{7338D2D7-8BB5-4AD8-996A-F38F7DFC58CA}.Release|Any CPU.ActiveCfg = Release|Any CPU
		{7338D2D7-8BB5-4AD8-996A-F38F7DFC58CA}.Release|Any CPU.Build.0 = Release|Any CPU
	EndGlobalSection
	GlobalSection(SolutionProperties) = preSolution
		HideSolutionNode = FALSE
	EndGlobalSection
	GlobalSection(ExtensibilityGlobals) = postSolution
		SolutionGuid = {47FAD715-4A90-4121-B360-86932E8AE39C}
	EndGlobalSection
EndGlobal
